
Microsoft Visual Studio Solution File, Format Version 12.00
# Visual Studio 15
VisualStudioVersion = 15.0.28307.1259
MinimumVisualStudioVersion = 10.0.40219.1
Project("{FAE04EC0-301F-11D3-BF4B-00C04F79EFBC}") = "DCyTICVideos", "DCyTICVideos\DCyTICVideos.csproj", "{AF224573-C35F-4AFE-B879-64C8E3E01BFE}"
EndProject
Global
	GlobalSection(SolutionConfigurationPlatforms) = preSolution
		Debug|Any CPU = Debug|Any CPU
		Release|Any CPU = Release|Any CPU
	EndGlobalSection
	GlobalSection(ProjectConfigurationPlatforms) = postSolution
		{AF224573-C35F-4AFE-B879-64C8E3E01BFE}.Debug|Any CPU.ActiveCfg = Debug|Any CPU
		{AF224573-C35F-4AFE-B879-64C8E3E01BFE}.Debug|Any CPU.Build.0 = Debug|Any CPU
		{AF224573-C35F-4AFE-B879-64C8E3E01BFE}.Release|Any CPU.ActiveCfg = Release|Any CPU
		{AF224573-C35F-4AFE-B879-64C8E3E01BFE}.Release|Any CPU.Build.0 = Release|Any CPU
	EndGlobalSection
	GlobalSection(SolutionProperties) = preSolution
		HideSolutionNode = FALSE
	EndGlobalSection
	GlobalSection(ExtensibilityGlobals) = postSolution
		SolutionGuid = {2ACDA01C-F17B-4FA2-B544-DAE5F8ACDDF7}
	EndGlobalSection
EndGlobal
